
Microsoft Visual Studio Solution File, Format Version 12.00
# Visual Studio Version 17
VisualStudioVersion = 17.9.34728.123
MinimumVisualStudioVersion = 10.0.40219.1
Project("{9A19103F-16F7-4668-BE54-9A1E7A4F7556}") = "Fiap.API", "Fiap\Fiap.API.csproj", "{06280586-0014-4947-A079-9098D809E174}"
EndProject
Project("{2150E333-8FDC-42A3-9474-1A3956D46DE8}") = "1 - Application", "1 - Application", "{19A35FCB-C2F5-4994-860D-847EF276E62A}"
EndProject
Project("{2150E333-8FDC-42A3-9474-1A3956D46DE8}") = "2 - Domain", "2 - Domain", "{42700416-F1EC-49D8-8E99-2AA5505F7E33}"
EndProject
Project("{2150E333-8FDC-42A3-9474-1A3956D46DE8}") = "3 - Service", "3 - Service", "{EF9A4798-9DE6-494E-BB67-29A436722A06}"
EndProject
Project("{2150E333-8FDC-42A3-9474-1A3956D46DE8}") = "4 - Infra", "4 - Infra", "{7A1C3151-CF14-4367-97B7-230CF980B011}"
EndProject
Project("{9A19103F-16F7-4668-BE54-9A1E7A4F7556}") = "Fiap.Domain", "Fiap.Domain\Fiap.Domain.csproj", "{B890D98E-3A73-4AF7-88F8-C5132296C67B}"
EndProject
Project("{9A19103F-16F7-4668-BE54-9A1E7A4F7556}") = "Fiap.Service", "Fiap.Service\Fiap.Service.csproj", "{5139AD61-CC48-439A-930B-D9FF96D52A38}"
EndProject
Project("{9A19103F-16F7-4668-BE54-9A1E7A4F7556}") = "Fiap.CrossCutting", "Fiap.CrossCutting\Fiap.CrossCutting.csproj", "{CE72B7DF-AB3A-4589-8595-E673644C095D}"
EndProject
Project("{9A19103F-16F7-4668-BE54-9A1E7A4F7556}") = "Fiap.Data", "Fiap.Data\Fiap.Data.csproj", "{D6F8E89A-37B0-4268-BFAD-723F1DBE80AF}"
EndProject
Project("{2150E333-8FDC-42A3-9474-1A3956D46DE8}") = "5 - Shared", "5 - Shared", "{3E64AFAF-5C9E-4A21-B1AC-42155847D05D}"
EndProject
Project("{9A19103F-16F7-4668-BE54-9A1E7A4F7556}") = "Fiap.Shared", "Fiap.Shared\Fiap.Shared.csproj", "{146D0F3C-2646-4C72-ACFB-FED0BC6B7D4B}"
EndProject
Project("{9A19103F-16F7-4668-BE54-9A1E7A4F7556}") = "FiapWebApp", "FiapWebApp\FiapWebApp\FiapWebApp.csproj", "{9D082CA0-B398-4E57-AFB4-03CD1AC7549F}"
EndProject
Project("{FAE04EC0-301F-11D3-BF4B-00C04F79EFBC}") = "Fiap.Test", "Fiap.Test\Fiap.Test.csproj", "{E16B2CCC-D055-4D43-8DE2-51126995FA07}"
EndProject
Global
	GlobalSection(SolutionConfigurationPlatforms) = preSolution
		Debug|Any CPU = Debug|Any CPU
		Release|Any CPU = Release|Any CPU
	EndGlobalSection
	GlobalSection(ProjectConfigurationPlatforms) = postSolution
		{06280586-0014-4947-A079-9098D809E174}.Debug|Any CPU.ActiveCfg = Debug|Any CPU
		{06280586-0014-4947-A079-9098D809E174}.Debug|Any CPU.Build.0 = Debug|Any CPU
		{06280586-0014-4947-A079-9098D809E174}.Release|Any CPU.ActiveCfg = Release|Any CPU
		{06280586-0014-4947-A079-9098D809E174}.Release|Any CPU.Build.0 = Release|Any CPU
		{B890D98E-3A73-4AF7-88F8-C5132296C67B}.Debug|Any CPU.ActiveCfg = Debug|Any CPU
		{B890D98E-3A73-4AF7-88F8-C5132296C67B}.Debug|Any CPU.Build.0 = Debug|Any CPU
		{B890D98E-3A73-4AF7-88F8-C5132296C67B}.Release|Any CPU.ActiveCfg = Release|Any CPU
		{B890D98E-3A73-4AF7-88F8-C5132296C67B}.Release|Any CPU.Build.0 = Release|Any CPU
		{5139AD61-CC48-439A-930B-D9FF96D52A38}.Debug|Any CPU.ActiveCfg = Debug|Any CPU
		{5139AD61-CC48-439A-930B-D9FF96D52A38}.Debug|Any CPU.Build.0 = Debug|Any CPU
		{5139AD61-CC48-439A-930B-D9FF96D52A38}.Release|Any CPU.ActiveCfg = Release|Any CPU
		{5139AD61-CC48-439A-930B-D9FF96D52A38}.Release|Any CPU.Build.0 = Release|Any CPU
		{CE72B7DF-AB3A-4589-8595-E673644C095D}.Debug|Any CPU.ActiveCfg = Debug|Any CPU
		{CE72B7DF-AB3A-4589-8595-E673644C095D}.Debug|Any CPU.Build.0 = Debug|Any CPU
		{CE72B7DF-AB3A-4589-8595-E673644C095D}.Release|Any CPU.ActiveCfg = Release|Any CPU
		{CE72B7DF-AB3A-4589-8595-E673644C095D}.Release|Any CPU.Build.0 = Release|Any CPU
		{D6F8E89A-37B0-4268-BFAD-723F1DBE80AF}.Debug|Any CPU.ActiveCfg = Debug|Any CPU
		{D6F8E89A-37B0-4268-BFAD-723F1DBE80AF}.Debug|Any CPU.Build.0 = Debug|Any CPU
		{D6F8E89A-37B0-4268-BFAD-723F1DBE80AF}.Release|Any CPU.ActiveCfg = Release|Any CPU
		{D6F8E89A-37B0-4268-BFAD-723F1DBE80AF}.Release|Any CPU.Build.0 = Release|Any CPU
		{146D0F3C-2646-4C72-ACFB-FED0BC6B7D4B}.Debug|Any CPU.ActiveCfg = Debug|Any CPU
		{146D0F3C-2646-4C72-ACFB-FED0BC6B7D4B}.Debug|Any CPU.Build.0 = Debug|Any CPU
		{146D0F3C-2646-4C72-ACFB-FED0BC6B7D4B}.Release|Any CPU.ActiveCfg = Release|Any CPU
		{146D0F3C-2646-4C72-ACFB-FED0BC6B7D4B}.Release|Any CPU.Build.0 = Release|Any CPU
		{9D082CA0-B398-4E57-AFB4-03CD1AC7549F}.Debug|Any CPU.ActiveCfg = Debug|Any CPU
		{9D082CA0-B398-4E57-AFB4-03CD1AC7549F}.Debug|Any CPU.Build.0 = Debug|Any CPU
		{9D082CA0-B398-4E57-AFB4-03CD1AC7549F}.Release|Any CPU.ActiveCfg = Release|Any CPU
		{9D082CA0-B398-4E57-AFB4-03CD1AC7549F}.Release|Any CPU.Build.0 = Release|Any CPU
		{E16B2CCC-D055-4D43-8DE2-51126995FA07}.Debug|Any CPU.ActiveCfg = Debug|Any CPU
		{E16B2CCC-D055-4D43-8DE2-51126995FA07}.Debug|Any CPU.Build.0 = Debug|Any CPU
		{E16B2CCC-D055-4D43-8DE2-51126995FA07}.Release|Any CPU.ActiveCfg = Release|Any CPU
		{E16B2CCC-D055-4D43-8DE2-51126995FA07}.Release|Any CPU.Build.0 = Release|Any CPU
	EndGlobalSection
	GlobalSection(SolutionProperties) = preSolution
		HideSolutionNode = FALSE
	EndGlobalSection
	GlobalSection(NestedProjects) = preSolution
		{06280586-0014-4947-A079-9098D809E174} = {19A35FCB-C2F5-4994-860D-847EF276E62A}
		{B890D98E-3A73-4AF7-88F8-C5132296C67B} = {42700416-F1EC-49D8-8E99-2AA5505F7E33}
		{5139AD61-CC48-439A-930B-D9FF96D52A38} = {EF9A4798-9DE6-494E-BB67-29A436722A06}
		{CE72B7DF-AB3A-4589-8595-E673644C095D} = {7A1C3151-CF14-4367-97B7-230CF980B011}
		{D6F8E89A-37B0-4268-BFAD-723F1DBE80AF} = {7A1C3151-CF14-4367-97B7-230CF980B011}
		{146D0F3C-2646-4C72-ACFB-FED0BC6B7D4B} = {3E64AFAF-5C9E-4A21-B1AC-42155847D05D}
	EndGlobalSection
	GlobalSection(ExtensibilityGlobals) = postSolution
		SolutionGuid = {A52DAA35-CF8A-4EBD-9CA1-8A2CAB7488A0}
	EndGlobalSection
EndGlobal
